// !$*UTF8*$!
{
	archiveVersion = 1;
	classes = {
	};
	objectVersion = 56;
	objects = {

/* Begin PBXBuildFile section */
		1B17426629AFD06100B9ADDE /* GithubProjectApp.swift in Sources */ = {isa = PBXBuildFile; fileRef = 1B17426529AFD06100B9ADDE /* GithubProjectApp.swift */; };
		1B17426829AFD06100B9ADDE /* ContentView.swift in Sources */ = {isa = PBXBuildFile; fileRef = 1B17426729AFD06100B9ADDE /* ContentView.swift */; };
		1B17426A29AFD06F00B9ADDE /* Assets.xcassets in Resources */ = {isa = PBXBuildFile; fileRef = 1B17426929AFD06F00B9ADDE /* Assets.xcassets */; };
		1B17426D29AFD06F00B9ADDE /* Preview Assets.xcassets in Resources */ = {isa = PBXBuildFile; fileRef = 1B17426C29AFD06F00B9ADDE /* Preview Assets.xcassets */; };
		1B17427729AFD07000B9ADDE /* GithubProjectTests.swift in Sources */ = {isa = PBXBuildFile; fileRef = 1B17427629AFD07000B9ADDE /* GithubProjectTests.swift */; };
		1B17428129AFD07000B9ADDE /* GithubProjectUITests.swift in Sources */ = {isa = PBXBuildFile; fileRef = 1B17428029AFD07000B9ADDE /* GithubProjectUITests.swift */; };
		1B17428329AFD07000B9ADDE /* GithubProjectUITestsLaunchTests.swift in Sources */ = {isa = PBXBuildFile; fileRef = 1B17428229AFD07000B9ADDE /* GithubProjectUITestsLaunchTests.swift */; };
/* End PBXBuildFile section */

/* Begin PBXContainerItemProxy section */
		1B17427329AFD07000B9ADDE /* PBXContainerItemProxy */ = {
			isa = PBXContainerItemProxy;
			containerPortal = 1B17425A29AFD06100B9ADDE /* Project object */;
			proxyType = 1;
			remoteGlobalIDString = 1B17426129AFD06100B9ADDE;
			remoteInfo = GithubProject;
		};
		1B17427D29AFD07000B9ADDE /* PBXContainerItemProxy */ = {
			isa = PBXContainerItemProxy;
			containerPortal = 1B17425A29AFD06100B9ADDE /* Project object */;
			proxyType = 1;
			remoteGlobalIDString = 1B17426129AFD06100B9ADDE;
			remoteInfo = GithubProject;
		};
/* End PBXContainerItemProxy section */

/* Begin PBXFileReference section */
		1B17426229AFD06100B9ADDE /* GithubProject.app */ = {isa = PBXFileReference; explicitFileType = wrapper.application; includeInIndex = 0; path = GithubProject.app; sourceTree = BUILT_PRODUCTS_DIR; };
		1B17426529AFD06100B9ADDE /* GithubProjectApp.swift */ = {isa = PBXFileReference; lastKnownFileType = sourcecode.swift; path = GithubProjectApp.swift; sourceTree = "<group>"; };
		1B17426729AFD06100B9ADDE /* ContentView.swift */ = {isa = PBXFileReference; lastKnownFileType = sourcecode.swift; path = ContentView.swift; sourceTree = "<group>"; };
		1B17426929AFD06F00B9ADDE /* Assets.xcassets */ = {isa = PBXFileReference; lastKnownFileType = folder.assetcatalog; path = Assets.xcassets; sourceTree = "<group>"; };
		1B17426C29AFD06F00B9ADDE /* Preview Assets.xcassets */ = {isa = PBXFileReference; lastKnownFileType = folder.assetcatalog; path = "Preview Assets.xcassets"; sourceTree = "<group>"; };
		1B17427229AFD07000B9ADDE /* GithubProjectTests.xctest */ = {isa = PBXFileReference; explicitFileType = wrapper.cfbundle; includeInIndex = 0; path = GithubProjectTests.xctest; sourceTree = BUILT_PRODUCTS_DIR; };
		1B17427629AFD07000B9ADDE /* GithubProjectTests.swift */ = {isa = PBXFileReference; lastKnownFileType = sourcecode.swift; path = GithubProjectTests.swift; sourceTree = "<group>"; };
		1B17427C29AFD07000B9ADDE /* GithubProjectUITests.xctest */ = {isa = PBXFileReference; explicitFileType = wrapper.cfbundle; includeInIndex = 0; path = GithubProjectUITests.xctest; sourceTree = BUILT_PRODUCTS_DIR; };
		1B17428029AFD07000B9ADDE /* GithubProjectUITests.swift */ = {isa = PBXFileReference; lastKnownFileType = sourcecode.swift; path = GithubProjectUITests.swift; sourceTree = "<group>"; };
		1B17428229AFD07000B9ADDE /* GithubProjectUITestsLaunchTests.swift */ = {isa = PBXFileReference; lastKnownFileType = sourcecode.swift; path = GithubProjectUITestsLaunchTests.swift; sourceTree = "<group>"; };
/* End PBXFileReference section */

/* Begin PBXFrameworksBuildPhase section */
		1B17425F29AFD06100B9ADDE /* Frameworks */ = {
			isa = PBXFrameworksBuildPhase;
			buildActionMask = 2147483647;
			files = (
			);
			runOnlyForDeploymentPostprocessing = 0;
		};
		1B17426F29AFD07000B9ADDE /* Frameworks */ = {
			isa = PBXFrameworksBuildPhase;
			buildActionMask = 2147483647;
			files = (
			);
			runOnlyForDeploymentPostprocessing = 0;
		};
		1B17427929AFD07000B9ADDE /* Frameworks */ = {
			isa = PBXFrameworksBuildPhase;
			buildActionMask = 2147483647;
			files = (
			);
			runOnlyForDeploymentPostprocessing = 0;
		};
/* End PBXFrameworksBuildPhase section */

/* Begin PBXGroup section */
		1B17425929AFD06100B9ADDE = {
			isa = PBXGroup;
			children = (
				1B17426429AFD06100B9ADDE /* GithubProject */,
				1B17427529AFD07000B9ADDE /* GithubProjectTests */,
				1B17427F29AFD07000B9ADDE /* GithubProjectUITests */,
				1B17426329AFD06100B9ADDE /* Products */,
			);
			sourceTree = "<group>";
		};
		1B17426329AFD06100B9ADDE /* Products */ = {
			isa = PBXGroup;
			children = (
				1B17426229AFD06100B9ADDE /* GithubProject.app */,
				1B17427229AFD07000B9ADDE /* GithubProjectTests.xctest */,
				1B17427C29AFD07000B9ADDE /* GithubProjectUITests.xctest */,
			);
			name = Products;
			sourceTree = "<group>";
		};
		1B17426429AFD06100B9ADDE /* GithubProject */ = {
			isa = PBXGroup;
			children = (
				1B17426529AFD06100B9ADDE /* GithubProjectApp.swift */,
				1B17426729AFD06100B9ADDE /* ContentView.swift */,
				1B17426929AFD06F00B9ADDE /* Assets.xcassets */,
				1B17426B29AFD06F00B9ADDE /* Preview Content */,
			);
			path = GithubProject;
			sourceTree = "<group>";
		};
		1B17426B29AFD06F00B9ADDE /* Preview Content */ = {
			isa = PBXGroup;
			children = (
				1B17426C29AFD06F00B9ADDE /* Preview Assets.xcassets */,
			);
			path = "Preview Content";
			sourceTree = "<group>";
		};
		1B17427529AFD07000B9ADDE /* GithubProjectTests */ = {
			isa = PBXGroup;
			children = (
				1B17427629AFD07000B9ADDE /* GithubProjectTests.swift */,
			);
			path = GithubProjectTests;
			sourceTree = "<group>";
		};
		1B17427F29AFD07000B9ADDE /* GithubProjectUITests */ = {
			isa = PBXGroup;
			children = (
				1B17428029AFD07000B9ADDE /* GithubProjectUITests.swift */,
				1B17428229AFD07000B9ADDE /* GithubProjectUITestsLaunchTests.swift */,
			);
			path = GithubProjectUITests;
			sourceTree = "<group>";
		};
/* End PBXGroup section */

/* Begin PBXNativeTarget section */
		1B17426129AFD06100B9ADDE /* GithubProject */ = {
			isa = PBXNativeTarget;
			buildConfigurationList = 1B17428629AFD07000B9ADDE /* Build configuration list for PBXNativeTarget "GithubProject" */;
			buildPhases = (
				1B17425E29AFD06100B9ADDE /* Sources */,
				1B17425F29AFD06100B9ADDE /* Frameworks */,
				1B17426029AFD06100B9ADDE /* Resources */,
			);
			buildRules = (
			);
			dependencies = (
			);
			name = GithubProject;
			productName = GithubProject;
			productReference = 1B17426229AFD06100B9ADDE /* GithubProject.app */;
			productType = "com.apple.product-type.application";
		};
		1B17427129AFD07000B9ADDE /* GithubProjectTests */ = {
			isa = PBXNativeTarget;
			buildConfigurationList = 1B17428929AFD07000B9ADDE /* Build configuration list for PBXNativeTarget "GithubProjectTests" */;
			buildPhases = (
				1B17426E29AFD07000B9ADDE /* Sources */,
				1B17426F29AFD07000B9ADDE /* Frameworks */,
				1B17427029AFD07000B9ADDE /* Resources */,
			);
			buildRules = (
			);
			dependencies = (
				1B17427429AFD07000B9ADDE /* PBXTargetDependency */,
			);
			name = GithubProjectTests;
			productName = GithubProjectTests;
			productReference = 1B17427229AFD07000B9ADDE /* GithubProjectTests.xctest */;
			productType = "com.apple.product-type.bundle.unit-test";
		};
		1B17427B29AFD07000B9ADDE /* GithubProjectUITests */ = {
			isa = PBXNativeTarget;
			buildConfigurationList = 1B17428C29AFD07000B9ADDE /* Build configuration list for PBXNativeTarget "GithubProjectUITests" */;
			buildPhases = (
				1B17427829AFD07000B9ADDE /* Sources */,
				1B17427929AFD07000B9ADDE /* Frameworks */,
				1B17427A29AFD07000B9ADDE /* Resources */,
			);
			buildRules = (
			);
			dependencies = (
				1B17427E29AFD07000B9ADDE /* PBXTargetDependency */,
			);
			name = GithubProjectUITests;
			productName = GithubProjectUITests;
			productReference = 1B17427C29AFD07000B9ADDE /* GithubProjectUITests.xctest */;
			productType = "com.apple.product-type.bundle.ui-testing";
		};
/* End PBXNativeTarget section */

/* Begin PBXProject section */
		1B17425A29AFD06100B9ADDE /* Project object */ = {
			isa = PBXProject;
			attributes = {
				BuildIndependentTargetsInParallel = 1;
				LastSwiftUpdateCheck = 1420;
				LastUpgradeCheck = 1420;
				TargetAttributes = {
					1B17426129AFD06100B9ADDE = {
						CreatedOnToolsVersion = 14.2;
					};
					1B17427129AFD07000B9ADDE = {
						CreatedOnToolsVersion = 14.2;
						TestTargetID = 1B17426129AFD06100B9ADDE;
					};
					1B17427B29AFD07000B9ADDE = {
						CreatedOnToolsVersion = 14.2;
						TestTargetID = 1B17426129AFD06100B9ADDE;
					};
				};
			};
			buildConfigurationList = 1B17425D29AFD06100B9ADDE /* Build configuration list for PBXProject "GithubProject" */;
			compatibilityVersion = "Xcode 14.0";
			developmentRegion = en;
			hasScannedForEncodings = 0;
			knownRegions = (
				en,
				Base,
			);
			mainGroup = 1B17425929AFD06100B9ADDE;
			productRefGroup = 1B17426329AFD06100B9ADDE /* Products */;
			projectDirPath = "";
			projectRoot = "";
			targets = (
				1B17426129AFD06100B9ADDE /* GithubProject */,
				1B17427129AFD07000B9ADDE /* GithubProjectTests */,
				1B17427B29AFD07000B9ADDE /* GithubProjectUITests */,
			);
		};
/* End PBXProject section */

/* Begin PBXResourcesBuildPhase section */
		1B17426029AFD06100B9ADDE /* Resources */ = {
			isa = PBXResourcesBuildPhase;
			buildActionMask = 2147483647;
			files = (
				1B17426D29AFD06F00B9ADDE /* Preview Assets.xcassets in Resources */,
				1B17426A29AFD06F00B9ADDE /* Assets.xcassets in Resources */,
			);
			runOnlyForDeploymentPostprocessing = 0;
		};
		1B17427029AFD07000B9ADDE /* Resources */ = {
			isa = PBXResourcesBuildPhase;
			buildActionMask = 2147483647;
			files = (
			);
			runOnlyForDeploymentPostprocessing = 0;
		};
		1B17427A29AFD07000B9ADDE /* Resources */ = {
			isa = PBXResourcesBuildPhase;
			buildActionMask = 2147483647;
			files = (
			);
			runOnlyForDeploymentPostprocessing = 0;
		};
/* End PBXResourcesBuildPhase section */

/* Begin PBXSourcesBuildPhase section */
		1B17425E29AFD06100B9ADDE /* Sources */ = {
			isa = PBXSourcesBuildPhase;
			buildActionMask = 2147483647;
			files = (
				1B17426829AFD06100B9ADDE /* ContentView.swift in Sources */,
				1B17426629AFD06100B9ADDE /* GithubProjectApp.swift in Sources */,
			);
			runOnlyForDeploymentPostprocessing = 0;
		};
		1B17426E29AFD07000B9ADDE /* Sources */ = {
			isa = PBXSourcesBuildPhase;
			buildActionMask = 2147483647;
			files = (
				1B17427729AFD07000B9ADDE /* GithubProjectTests.swift in Sources */,
			);
			runOnlyForDeploymentPostprocessing = 0;
		};
		1B17427829AFD07000B9ADDE /* Sources */ = {
			isa = PBXSourcesBuildPhase;
			buildActionMask = 2147483647;
			files = (
				1B17428129AFD07000B9ADDE /* GithubProjectUITests.swift in Sources */,
				1B17428329AFD07000B9ADDE /* GithubProjectUITestsLaunchTests.swift in Sources */,
			);
			runOnlyForDeploymentPostprocessing = 0;
		};
/* End PBXSourcesBuildPhase section */

/* Begin PBXTargetDependency section */
		1B17427429AFD07000B9ADDE /* PBXTargetDependency */ = {
			isa = PBXTargetDependency;
			target = 1B17426129AFD06100B9ADDE /* GithubProject */;
			targetProxy = 1B17427329AFD07000B9ADDE /* PBXContainerItemProxy */;
		};
		1B17427E29AFD07000B9ADDE /* PBXTargetDependency */ = {
			isa = PBXTargetDependency;
			target = 1B17426129AFD06100B9ADDE /* GithubProject */;
			targetProxy = 1B17427D29AFD07000B9ADDE /* PBXContainerItemProxy */;
		};
/* End PBXTargetDependency section */

/* Begin XCBuildConfiguration section */
		1B17428429AFD07000B9ADDE /* Debug */ = {
			isa = XCBuildConfiguration;
			buildSettings = {
				ALWAYS_SEARCH_USER_PATHS = NO;
				CLANG_ANALYZER_NONNULL = YES;
				CLANG_ANALYZER_NUMBER_OBJECT_CONVERSION = YES_AGGRESSIVE;
				CLANG_CXX_LANGUAGE_STANDARD = "gnu++20";
				CLANG_ENABLE_MODULES = YES;
				CLANG_ENABLE_OBJC_ARC = YES;
				CLANG_ENABLE_OBJC_WEAK = YES;
				CLANG_WARN_BLOCK_CAPTURE_AUTORELEASING = YES;
				CLANG_WARN_BOOL_CONVERSION = YES;
				CLANG_WARN_COMMA = YES;
				CLANG_WARN_CONSTANT_CONVERSION = YES;
				CLANG_WARN_DEPRECATED_OBJC_IMPLEMENTATIONS = YES;
				CLANG_WARN_DIRECT_OBJC_ISA_USAGE = YES_ERROR;
				CLANG_WARN_DOCUMENTATION_COMMENTS = YES;
				CLANG_WARN_EMPTY_BODY = YES;
				CLANG_WARN_ENUM_CONVERSION = YES;
				CLANG_WARN_INFINITE_RECURSION = YES;
				CLANG_WARN_INT_CONVERSION = YES;
				CLANG_WARN_NON_LITERAL_NULL_CONVERSION = YES;
				CLANG_WARN_OBJC_IMPLICIT_RETAIN_SELF = YES;
				CLANG_WARN_OBJC_LITERAL_CONVERSION = YES;
				CLANG_WARN_OBJC_ROOT_CLASS = YES_ERROR;
				CLANG_WARN_QUOTED_INCLUDE_IN_FRAMEWORK_HEADER = YES;
				CLANG_WARN_RANGE_LOOP_ANALYSIS = YES;
				CLANG_WARN_STRICT_PROTOTYPES = YES;
				CLANG_WARN_SUSPICIOUS_MOVE = YES;
				CLANG_WARN_UNGUARDED_AVAILABILITY = YES_AGGRESSIVE;
				CLANG_WARN_UNREACHABLE_CODE = YES;
				CLANG_WARN__DUPLICATE_METHOD_MATCH = YES;
				COPY_PHASE_STRIP = NO;
				DEBUG_INFORMATION_FORMAT = dwarf;
				ENABLE_STRICT_OBJC_MSGSEND = YES;
				ENABLE_TESTABILITY = YES;
				GCC_C_LANGUAGE_STANDARD = gnu11;
				GCC_DYNAMIC_NO_PIC = NO;
				GCC_NO_COMMON_BLOCKS = YES;
				GCC_OPTIMIZATION_LEVEL = 0;
				GCC_PREPROCESSOR_DEFINITIONS = (
					"DEBUG=1",
					"$(inherited)",
				);
				GCC_WARN_64_TO_32_BIT_CONVERSION = YES;
				GCC_WARN_ABOUT_RETURN_TYPE = YES_ERROR;
				GCC_WARN_UNDECLARED_SELECTOR = YES;
				GCC_WARN_UNINITIALIZED_AUTOS = YES_AGGRESSIVE;
				GCC_WARN_UNUSED_FUNCTION = YES;
				GCC_WARN_UNUSED_VARIABLE = YES;
				IPHONEOS_DEPLOYMENT_TARGET = 16.2;
				MTL_ENABLE_DEBUG_INFO = INCLUDE_SOURCE;
				MTL_FAST_MATH = YES;
				ONLY_ACTIVE_ARCH = YES;
				SDKROOT = iphoneos;
				SWIFT_ACTIVE_COMPILATION_CONDITIONS = DEBUG;
				SWIFT_OPTIMIZATION_LEVEL = "-Onone";
			};
			name = Debug;
		};
		1B17428529AFD07000B9ADDE /* Release */ = {
			isa = XCBuildConfiguration;
			buildSettings = {
				ALWAYS_SEARCH_USER_PATHS = NO;
				CLANG_ANALYZER_NONNULL = YES;
				CLANG_ANALYZER_NUMBER_OBJECT_CONVERSION = YES_AGGRESSIVE;
				CLANG_CXX_LANGUAGE_STANDARD = "gnu++20";
				CLANG_ENABLE_MODULES = YES;
				CLANG_ENABLE_OBJC_ARC = YES;
				CLANG_ENABLE_OBJC_WEAK = YES;
				CLANG_WARN_BLOCK_CAPTURE_AUTORELEASING = YES;
				CLANG_WARN_BOOL_CONVERSION = YES;
				CLANG_WARN_COMMA = YES;
				CLANG_WARN_CONSTANT_CONVERSION = YES;
				CLANG_WARN_DEPRECATED_OBJC_IMPLEMENTATIONS = YES;
				CLANG_WARN_DIRECT_OBJC_ISA_USAGE = YES_ERROR;
				CLANG_WARN_DOCUMENTATION_COMMENTS = YES;
				CLANG_WARN_EMPTY_BODY = YES;
				CLANG_WARN_ENUM_CONVERSION = YES;
				CLANG_WARN_INFINITE_RECURSION = YES;
				CLANG_WARN_INT_CONVERSION = YES;
				CLANG_WARN_NON_LITERAL_NULL_CONVERSION = YES;
				CLANG_WARN_OBJC_IMPLICIT_RETAIN_SELF = YES;
				CLANG_WARN_OBJC_LITERAL_CONVERSION = YES;
				CLANG_WARN_OBJC_ROOT_CLASS = YES_ERROR;
				CLANG_WARN_QUOTED_INCLUDE_IN_FRAMEWORK_HEADER = YES;
				CLANG_WARN_RANGE_LOOP_ANALYSIS = YES;
				CLANG_WARN_STRICT_PROTOTYPES = YES;
				CLANG_WARN_SUSPICIOUS_MOVE = YES;
				CLANG_WARN_UNGUARDED_AVAILABILITY = YES_AGGRESSIVE;
				CLANG_WARN_UNREACHABLE_CODE = YES;
				CLANG_WARN__DUPLICATE_METHOD_MATCH = YES;
				COPY_PHASE_STRIP = NO;
				DEBUG_INFORMATION_FORMAT = "dwarf-with-dsym";
				ENABLE_NS_ASSERTIONS = NO;
				ENABLE_STRICT_OBJC_MSGSEND = YES;
				GCC_C_LANGUAGE_STANDARD = gnu11;
				GCC_NO_COMMON_BLOCKS = YES;
				GCC_WARN_64_TO_32_BIT_CONVERSION = YES;
				GCC_WARN_ABOUT_RETURN_TYPE = YES_ERROR;
				GCC_WARN_UNDECLARED_SELECTOR = YES;
				GCC_WARN_UNINITIALIZED_AUTOS = YES_AGGRESSIVE;
				GCC_WARN_UNUSED_FUNCTION = YES;
				GCC_WARN_UNUSED_VARIABLE = YES;
				IPHONEOS_DEPLOYMENT_TARGET = 16.2;
				MTL_ENABLE_DEBUG_INFO = NO;
				MTL_FAST_MATH = YES;
				SDKROOT = iphoneos;
				SWIFT_COMPILATION_MODE = wholemodule;
				SWIFT_OPTIMIZATION_LEVEL = "-O";
				VALIDATE_PRODUCT = YES;
			};
			name = Release;
		};
		1B17428729AFD07000B9ADDE /* Debug */ = {
			isa = XCBuildConfiguration;
			buildSettings = {
				ASSETCATALOG_COMPILER_APPICON_NAME = AppIcon;
				ASSETCATALOG_COMPILER_GLOBAL_ACCENT_COLOR_NAME = AccentColor;
				CODE_SIGN_STYLE = Automatic;
				CURRENT_PROJECT_VERSION = 1;
				DEVELOPMENT_ASSET_PATHS = "\"GithubProject/Preview Content\"";
				DEVELOPMENT_TEAM = KTZDPFBN79;
				ENABLE_PREVIEWS = YES;
				GENERATE_INFOPLIST_FILE = YES;
				INFOPLIST_KEY_UIApplicationSceneManifest_Generation = YES;
				INFOPLIST_KEY_UIApplicationSupportsIndirectInputEvents = YES;
				INFOPLIST_KEY_UILaunchScreen_Generation = YES;
				INFOPLIST_KEY_UISupportedInterfaceOrientations_iPad = "UIInterfaceOrientationPortrait UIInterfaceOrientationPortraitUpsideDown UIInterfaceOrientationLandscapeLeft UIInterfaceOrientationLandscapeRight";
				INFOPLIST_KEY_UISupportedInterfaceOrientations_iPhone = "UIInterfaceOrientationPortrait UIInterfaceOrientationLandscapeLeft UIInterfaceOrientationLandscapeRight";
				LD_RUNPATH_SEARCH_PATHS = (
					"$(inherited)",
					"@executable_path/Frameworks",
				);
				MARKETING_VERSION = 1.0;
				PRODUCT_BUNDLE_IDENTIFIER = music.GithubProject;
				PRODUCT_NAME = "$(TARGET_NAME)";
				SWIFT_EMIT_LOC_STRINGS = YES;
				SWIFT_VERSION = 5.0;
				TARGETED_DEVICE_FAMILY = "1,2";
			};
			name = Debug;
		};
		1B17428829AFD07000B9ADDE /* Release */ = {
			isa = XCBuildConfiguration;
			buildSettings = {
				ASSETCATALOG_COMPILER_APPICON_NAME = AppIcon;
				ASSETCATALOG_COMPILER_GLOBAL_ACCENT_COLOR_NAME = AccentColor;
				CODE_SIGN_STYLE = Automatic;
				CURRENT_PROJECT_VERSION = 1;
				DEVELOPMENT_ASSET_PATHS = "\"GithubProject/Preview Content\"";
				DEVELOPMENT_TEAM = KTZDPFBN79;
				ENABLE_PREVIEWS = YES;
				GENERATE_INFOPLIST_FILE = YES;
				INFOPLIST_KEY_UIApplicationSceneManifest_Generation = YES;
				INFOPLIST_KEY_UIApplicationSupportsIndirectInputEvents = YES;
				INFOPLIST_KEY_UILaunchScreen_Generation = YES;
				INFOPLIST_KEY_UISupportedInterfaceOrientations_iPad = "UIInterfaceOrientationPortrait UIInterfaceOrientationPortraitUpsideDown UIInterfaceOrientationLandscapeLeft UIInterfaceOrientationLandscapeRight";
				INFOPLIST_KEY_UISupportedInterfaceOrientations_iPhone = "UIInterfaceOrientationPortrait UIInterfaceOrientationLandscapeLeft UIInterfaceOrientationLandscapeRight";
				LD_RUNPATH_SEARCH_PATHS = (
					"$(inherited)",
					"@executable_path/Frameworks",
				);
				MARKETING_VERSION = 1.0;
				PRODUCT_BUNDLE_IDENTIFIER = music.GithubProject;
				PRODUCT_NAME = "$(TARGET_NAME)";
				SWIFT_EMIT_LOC_STRINGS = YES;
				SWIFT_VERSION = 5.0;
				TARGETED_DEVICE_FAMILY = "1,2";
			};
			name = Release;
		};
		1B17428A29AFD07000B9ADDE /* Debug */ = {
			isa = XCBuildConfiguration;
			buildSettings = {
				ALWAYS_EMBED_SWIFT_STANDARD_LIBRARIES = YES;
				BUNDLE_LOADER = "$(TEST_HOST)";
				CODE_SIGN_STYLE = Automatic;
				CURRENT_PROJECT_VERSION = 1;
				DEVELOPMENT_TEAM = KTZDPFBN79;
				GENERATE_INFOPLIST_FILE = YES;
				IPHONEOS_DEPLOYMENT_TARGET = 16.2;
				MARKETING_VERSION = 1.0;
				PRODUCT_BUNDLE_IDENTIFIER = music.GithubProjectTests;
				PRODUCT_NAME = "$(TARGET_NAME)";
				SWIFT_EMIT_LOC_STRINGS = NO;
				SWIFT_VERSION = 5.0;
				TARGETED_DEVICE_FAMILY = "1,2";
				TEST_HOST = "$(BUILT_PRODUCTS_DIR)/GithubProject.app/$(BUNDLE_EXECUTABLE_FOLDER_PATH)/GithubProject";
			};
			name = Debug;
		};
		1B17428B29AFD07000B9ADDE /* Release */ = {
			isa = XCBuildConfiguration;
			buildSettings = {
				ALWAYS_EMBED_SWIFT_STANDARD_LIBRARIES = YES;
				BUNDLE_LOADER = "$(TEST_HOST)";
				CODE_SIGN_STYLE = Automatic;
				CURRENT_PROJECT_VERSION = 1;
				DEVELOPMENT_TEAM = KTZDPFBN79;
				GENERATE_INFOPLIST_FILE = YES;
				IPHONEOS_DEPLOYMENT_TARGET = 16.2;
				MARKETING_VERSION = 1.0;
				PRODUCT_BUNDLE_IDENTIFIER = music.GithubProjectTests;
				PRODUCT_NAME = "$(TARGET_NAME)";
				SWIFT_EMIT_LOC_STRINGS = NO;
				SWIFT_VERSION = 5.0;
				TARGETED_DEVICE_FAMILY = "1,2";
				TEST_HOST = "$(BUILT_PRODUCTS_DIR)/GithubProject.app/$(BUNDLE_EXECUTABLE_FOLDER_PATH)/GithubProject";
			};
			name = Release;
		};
		1B17428D29AFD07000B9ADDE /* Debug */ = {
			isa = XCBuildConfiguration;
			buildSettings = {
				ALWAYS_EMBED_SWIFT_STANDARD_LIBRARIES = YES;
				CODE_SIGN_STYLE = Automatic;
				CURRENT_PROJECT_VERSION = 1;
				DEVELOPMENT_TEAM = KTZDPFBN79;
				GENERATE_INFOPLIST_FILE = YES;
				MARKETING_VERSION = 1.0;
				PRODUCT_BUNDLE_IDENTIFIER = music.GithubProjectUITests;
				PRODUCT_NAME = "$(TARGET_NAME)";
				SWIFT_EMIT_LOC_STRINGS = NO;
				SWIFT_VERSION = 5.0;
				TARGETED_DEVICE_FAMILY = "1,2";
				TEST_TARGET_NAME = GithubProject;
			};
			name = Debug;
		};
		1B17428E29AFD07000B9ADDE /* Release */ = {
			isa = XCBuildConfiguration;
			buildSettings = {
				ALWAYS_EMBED_SWIFT_STANDARD_LIBRARIES = YES;
				CODE_SIGN_STYLE = Automatic;
				CURRENT_PROJECT_VERSION = 1;
				DEVELOPMENT_TEAM = KTZDPFBN79;
				GENERATE_INFOPLIST_FILE = YES;
				MARKETING_VERSION = 1.0;
				PRODUCT_BUNDLE_IDENTIFIER = music.GithubProjectUITests;
				PRODUCT_NAME = "$(TARGET_NAME)";
				SWIFT_EMIT_LOC_STRINGS = NO;
				SWIFT_VERSION = 5.0;
				TARGETED_DEVICE_FAMILY = "1,2";
				TEST_TARGET_NAME = GithubProject;
			};
			name = Release;
		};
/* End XCBuildConfiguration section */

/* Begin XCConfigurationList section */
		1B17425D29AFD06100B9ADDE /* Build configuration list for PBXProject "GithubProject" */ = {
			isa = XCConfigurationList;
			buildConfigurations = (
				1B17428429AFD07000B9ADDE /* Debug */,
				1B17428529AFD07000B9ADDE /* Release */,
			);
			defaultConfigurationIsVisible = 0;
			defaultConfigurationName = Release;
		};
		1B17428629AFD07000B9ADDE /* Build configuration list for PBXNativeTarget "GithubProject" */ = {
			isa = XCConfigurationList;
			buildConfigurations = (
				1B17428729AFD07000B9ADDE /* Debug */,
				1B17428829AFD07000B9ADDE /* Release */,
			);
			defaultConfigurationIsVisible = 0;
			defaultConfigurationName = Release;
		};
		1B17428929AFD07000B9ADDE /* Build configuration list for PBXNativeTarget "GithubProjectTests" */ = {
			isa = XCConfigurationList;
			buildConfigurations = (
				1B17428A29AFD07000B9ADDE /* Debug */,
				1B17428B29AFD07000B9ADDE /* Release */,
			);
			defaultConfigurationIsVisible = 0;
			defaultConfigurationName = Release;
		};
		1B17428C29AFD07000B9ADDE /* Build configuration list for PBXNativeTarget "GithubProjectUITests" */ = {
			isa = XCConfigurationList;
			buildConfigurations = (
				1B17428D29AFD07000B9ADDE /* Debug */,
				1B17428E29AFD07000B9ADDE /* Release */,
			);
			defaultConfigurationIsVisible = 0;
			defaultConfigurationName = Release;
		};
/* End XCConfigurationList section */
	};
	rootObject = 1B17425A29AFD06100B9ADDE /* Project object */;
}
